
Microsoft Visual Studio Solution File, Format Version 12.00
# Visual Studio 14
VisualStudioVersion = 14.0.23107.0
MinimumVisualStudioVersion = 10.0.40219.1
Project("{FAE04EC0-301F-11D3-BF4B-00C04F79EFBC}") = "RoutingProject", "RoutingProject\RoutingProject.csproj", "{52E6193C-DAAB-4C3E-9827-A4DB28436E9D}"
EndProject
Project("{FAE04EC0-301F-11D3-BF4B-00C04F79EFBC}") = "ViewProject", "ViewProject\ViewProject.csproj", "{B1C0C613-622B-4DB4-9EDB-C09467C9397B}"
EndProject
Global
	GlobalSection(SolutionConfigurationPlatforms) = preSolution
		Debug|Any CPU = Debug|Any CPU
		Release|Any CPU = Release|Any CPU
	EndGlobalSection
	GlobalSection(ProjectConfigurationPlatforms) = postSolution
		{52E6193C-DAAB-4C3E-9827-A4DB28436E9D}.Debug|Any CPU.ActiveCfg = Debug|Any CPU
		{52E6193C-DAAB-4C3E-9827-A4DB28436E9D}.Debug|Any CPU.Build.0 = Debug|Any CPU
		{52E6193C-DAAB-4C3E-9827-A4DB28436E9D}.Release|Any CPU.ActiveCfg = Release|Any CPU
		{52E6193C-DAAB-4C3E-9827-A4DB28436E9D}.Release|Any CPU.Build.0 = Release|Any CPU
		{B1C0C613-622B-4DB4-9EDB-C09467C9397B}.Debug|Any CPU.ActiveCfg = Debug|Any CPU
		{B1C0C613-622B-4DB4-9EDB-C09467C9397B}.Debug|Any CPU.Build.0 = Debug|Any CPU
		{B1C0C613-622B-4DB4-9EDB-C09467C9397B}.Release|Any CPU.ActiveCfg = Release|Any CPU
		{B1C0C613-622B-4DB4-9EDB-C09467C9397B}.Release|Any CPU.Build.0 = Release|Any CPU
	EndGlobalSection
	GlobalSection(SolutionProperties) = preSolution
		HideSolutionNode = FALSE
	EndGlobalSection
EndGlobal
